// !$*UTF8*$!
{
	archiveVersion = 1;
	classes = {
	};
	objectVersion = 77;
	objects = {

/* Begin PBXBuildFile section */
		393BDCF82E04512700A375D3 /* PerchEyeiOS in Frameworks */ = {isa = PBXBuildFile; productRef = 393BDCF72E04512700A375D3 /* PerchEyeiOS */; };
		393BDD062E04534500A375D3 /* Assets.xcassets in Resources */ = {isa = PBXBuildFile; fileRef = 393BDCFF2E04534500A375D3 /* Assets.xcassets */; };
		393BDD082E04534500A375D3 /* DashedBorderView.swift in Sources */ = {isa = PBXBuildFile; fileRef = 393BDCFB2E04534500A375D3 /* DashedBorderView.swift */; };
		393BDD092E04534500A375D3 /* ContentView.swift in Sources */ = {isa = PBXBuildFile; fileRef = 393BDD002E04534500A375D3 /* ContentView.swift */; };
		393BDD0A2E04534500A375D3 /* DemoAppApp.swift in Sources */ = {isa = PBXBuildFile; fileRef = 393BDD012E04534500A375D3 /* DemoAppApp.swift */; };
		393BDD0B2E04534500A375D3 /* FacesAnalyzer.swift in Sources */ = {isa = PBXBuildFile; fileRef = 393BDD022E04534500A375D3 /* FacesAnalyzer.swift */; };
		393BDD0F2E04545800A375D3 /* ViewModel.swift in Sources */ = {isa = PBXBuildFile; fileRef = 393BDD0E2E04545800A375D3 /* ViewModel.swift */; };
		393BDD2B2E045BAD00A375D3 /* UIColor+Extension.swift in Sources */ = {isa = PBXBuildFile; fileRef = 393BDD2A2E045BAD00A375D3 /* UIColor+Extension.swift */; };
		393BDD2D2E046BE900A375D3 /* ErrorAlertView.swift in Sources */ = {isa = PBXBuildFile; fileRef = 393BDD2C2E046BE900A375D3 /* ErrorAlertView.swift */; };
		393BDD2F2E0485C500A375D3 /* PhotosFolderView.swift in Sources */ = {isa = PBXBuildFile; fileRef = 393BDD2E2E0485C500A375D3 /* PhotosFolderView.swift */; };
/* End PBXBuildFile section */

/* Begin PBXFileReference section */
		393BDCE02E04507E00A375D3 /* DemoApp.app */ = {isa = PBXFileReference; explicitFileType = wrapper.application; includeInIndex = 0; path = DemoApp.app; sourceTree = BUILT_PRODUCTS_DIR; };
		393BDCFB2E04534500A375D3 /* DashedBorderView.swift */ = {isa = PBXFileReference; lastKnownFileType = sourcecode.swift; path = DashedBorderView.swift; sourceTree = "<group>"; };
		393BDCFF2E04534500A375D3 /* Assets.xcassets */ = {isa = PBXFileReference; lastKnownFileType = folder.assetcatalog; path = Assets.xcassets; sourceTree = "<group>"; };
		393BDD002E04534500A375D3 /* ContentView.swift */ = {isa = PBXFileReference; lastKnownFileType = sourcecode.swift; path = ContentView.swift; sourceTree = "<group>"; };
		393BDD012E04534500A375D3 /* DemoAppApp.swift */ = {isa = PBXFileReference; lastKnownFileType = sourcecode.swift; path = DemoAppApp.swift; sourceTree = "<group>"; };
		393BDD022E04534500A375D3 /* FacesAnalyzer.swift */ = {isa = PBXFileReference; lastKnownFileType = sourcecode.swift; path = FacesAnalyzer.swift; sourceTree = "<group>"; };
		393BDD032E04534500A375D3 /* Info.plist */ = {isa = PBXFileReference; lastKnownFileType = text.plist.xml; path = Info.plist; sourceTree = "<group>"; };
		393BDD0E2E04545800A375D3 /* ViewModel.swift */ = {isa = PBXFileReference; lastKnownFileType = sourcecode.swift; path = ViewModel.swift; sourceTree = "<group>"; };
		393BDD2A2E045BAD00A375D3 /* UIColor+Extension.swift */ = {isa = PBXFileReference; lastKnownFileType = sourcecode.swift; path = "UIColor+Extension.swift"; sourceTree = "<group>"; };
		393BDD2C2E046BE900A375D3 /* ErrorAlertView.swift */ = {isa = PBXFileReference; lastKnownFileType = sourcecode.swift; path = ErrorAlertView.swift; sourceTree = "<group>"; };
		393BDD2E2E0485C500A375D3 /* PhotosFolderView.swift */ = {isa = PBXFileReference; lastKnownFileType = sourcecode.swift; path = PhotosFolderView.swift; sourceTree = "<group>"; };
/* End PBXFileReference section */

/* Begin PBXFrameworksBuildPhase section */
		393BDCDD2E04507E00A375D3 /* Frameworks */ = {
			isa = PBXFrameworksBuildPhase;
			buildActionMask = 2147483647;
			files = (
				393BDCF82E04512700A375D3 /* PerchEyeiOS in Frameworks */,
			);
			runOnlyForDeploymentPostprocessing = 0;
		};
/* End PBXFrameworksBuildPhase section */

/* Begin PBXGroup section */
		393BDCD72E04507E00A375D3 = {
			isa = PBXGroup;
			children = (
				393BDD042E04534500A375D3 /* DemoApp */,
				393BDCE12E04507E00A375D3 /* Products */,
			);
			sourceTree = "<group>";
		};
		393BDCE12E04507E00A375D3 /* Products */ = {
			isa = PBXGroup;
			children = (
				393BDCE02E04507E00A375D3 /* DemoApp.app */,
			);
			name = Products;
			sourceTree = "<group>";
		};
		393BDCFC2E04534500A375D3 /* Components */ = {
			isa = PBXGroup;
			children = (
				393BDCFB2E04534500A375D3 /* DashedBorderView.swift */,
				393BDD2C2E046BE900A375D3 /* ErrorAlertView.swift */,
				393BDD2E2E0485C500A375D3 /* PhotosFolderView.swift */,
			);
			path = Components;
			sourceTree = "<group>";
		};
		393BDD042E04534500A375D3 /* DemoApp */ = {
			isa = PBXGroup;
			children = (
				393BDD012E04534500A375D3 /* DemoAppApp.swift */,
				393BDD0D2E04536800A375D3 /* Resources */,
				393BDCFC2E04534500A375D3 /* Components */,
				393BDD292E045BA400A375D3 /* Extensions */,
				393BDD0E2E04545800A375D3 /* ViewModel.swift */,
				393BDD002E04534500A375D3 /* ContentView.swift */,
				393BDD022E04534500A375D3 /* FacesAnalyzer.swift */,
				393BDD032E04534500A375D3 /* Info.plist */,
			);
			path = DemoApp;
			sourceTree = "<group>";
		};
		393BDD0D2E04536800A375D3 /* Resources */ = {
			isa = PBXGroup;
			children = (
				393BDCFF2E04534500A375D3 /* Assets.xcassets */,
			);
			path = Resources;
			sourceTree = "<group>";
		};
		393BDD292E045BA400A375D3 /* Extensions */ = {
			isa = PBXGroup;
			children = (
				393BDD2A2E045BAD00A375D3 /* UIColor+Extension.swift */,
			);
			path = Extensions;
			sourceTree = "<group>";
		};
/* End PBXGroup section */

/* Begin PBXNativeTarget section */
		393BDCDF2E04507E00A375D3 /* DemoApp */ = {
			isa = PBXNativeTarget;
			buildConfigurationList = 393BDCEE2E04507F00A375D3 /* Build configuration list for PBXNativeTarget "DemoApp" */;
			buildPhases = (
				393BDCDC2E04507E00A375D3 /* Sources */,
				393BDCDD2E04507E00A375D3 /* Frameworks */,
				393BDCDE2E04507E00A375D3 /* Resources */,
			);
			buildRules = (
			);
			dependencies = (
			);
			name = DemoApp;
			packageProductDependencies = (
				393BDCF72E04512700A375D3 /* PerchEyeiOS */,
			);
			productName = DemoApp;
			productReference = 393BDCE02E04507E00A375D3 /* DemoApp.app */;
			productType = "com.apple.product-type.application";
		};
/* End PBXNativeTarget section */

/* Begin PBXProject section */
		393BDCD82E04507E00A375D3 /* Project object */ = {
			isa = PBXProject;
			attributes = {
				BuildIndependentTargetsInParallel = 1;
				LastSwiftUpdateCheck = 1600;
				LastUpgradeCheck = 1600;
				TargetAttributes = {
					393BDCDF2E04507E00A375D3 = {
						CreatedOnToolsVersion = 16.0;
					};
				};
			};
			buildConfigurationList = 393BDCDB2E04507E00A375D3 /* Build configuration list for PBXProject "DemoApp" */;
			developmentRegion = en;
			hasScannedForEncodings = 0;
			knownRegions = (
				en,
				Base,
			);
			mainGroup = 393BDCD72E04507E00A375D3;
			minimizedProjectReferenceProxies = 1;
			packageReferences = (
				393BDCF62E04512700A375D3 /* XCLocalSwiftPackageReference "../Package" */,
			);
			preferredProjectObjectVersion = 77;
			productRefGroup = 393BDCE12E04507E00A375D3 /* Products */;
			projectDirPath = "";
			projectRoot = "";
			targets = (
				393BDCDF2E04507E00A375D3 /* DemoApp */,
			);
		};
/* End PBXProject section */

/* Begin PBXResourcesBuildPhase section */
		393BDCDE2E04507E00A375D3 /* Resources */ = {
			isa = PBXResourcesBuildPhase;
			buildActionMask = 2147483647;
			files = (
				393BDD062E04534500A375D3 /* Assets.xcassets in Resources */,
			);
			runOnlyForDeploymentPostprocessing = 0;
		};
/* End PBXResourcesBuildPhase section */

/* Begin PBXSourcesBuildPhase section */
		393BDCDC2E04507E00A375D3 /* Sources */ = {
			isa = PBXSourcesBuildPhase;
			buildActionMask = 2147483647;
			files = (
				393BDD0F2E04545800A375D3 /* ViewModel.swift in Sources */,
				393BDD2D2E046BE900A375D3 /* ErrorAlertView.swift in Sources */,
				393BDD082E04534500A375D3 /* DashedBorderView.swift in Sources */,
				393BDD092E04534500A375D3 /* ContentView.swift in Sources */,
				393BDD0A2E04534500A375D3 /* DemoAppApp.swift in Sources */,
				393BDD2F2E0485C500A375D3 /* PhotosFolderView.swift in Sources */,
				393BDD0B2E04534500A375D3 /* FacesAnalyzer.swift in Sources */,
				393BDD2B2E045BAD00A375D3 /* UIColor+Extension.swift in Sources */,
			);
			runOnlyForDeploymentPostprocessing = 0;
		};
/* End PBXSourcesBuildPhase section */

/* Begin XCBuildConfiguration section */
		393BDCEC2E04507F00A375D3 /* Debug */ = {
			isa = XCBuildConfiguration;
			buildSettings = {
				ALWAYS_SEARCH_USER_PATHS = NO;
				ASSETCATALOG_COMPILER_GENERATE_SWIFT_ASSET_SYMBOL_EXTENSIONS = YES;
				CLANG_ANALYZER_NONNULL = YES;
				CLANG_ANALYZER_NUMBER_OBJECT_CONVERSION = YES_AGGRESSIVE;
				CLANG_CXX_LANGUAGE_STANDARD = "gnu++20";
				CLANG_ENABLE_MODULES = YES;
				CLANG_ENABLE_OBJC_ARC = YES;
				CLANG_ENABLE_OBJC_WEAK = YES;
				CLANG_WARN_BLOCK_CAPTURE_AUTORELEASING = YES;
				CLANG_WARN_BOOL_CONVERSION = YES;
				CLANG_WARN_COMMA = YES;
				CLANG_WARN_CONSTANT_CONVERSION = YES;
				CLANG_WARN_DEPRECATED_OBJC_IMPLEMENTATIONS = YES;
				CLANG_WARN_DIRECT_OBJC_ISA_USAGE = YES_ERROR;
				CLANG_WARN_DOCUMENTATION_COMMENTS = YES;
				CLANG_WARN_EMPTY_BODY = YES;
				CLANG_WARN_ENUM_CONVERSION = YES;
				CLANG_WARN_INFINITE_RECURSION = YES;
				CLANG_WARN_INT_CONVERSION = YES;
				CLANG_WARN_NON_LITERAL_NULL_CONVERSION = YES;
				CLANG_WARN_OBJC_IMPLICIT_RETAIN_SELF = YES;
				CLANG_WARN_OBJC_LITERAL_CONVERSION = YES;
				CLANG_WARN_OBJC_ROOT_CLASS = YES_ERROR;
				CLANG_WARN_QUOTED_INCLUDE_IN_FRAMEWORK_HEADER = YES;
				CLANG_WARN_RANGE_LOOP_ANALYSIS = YES;
				CLANG_WARN_STRICT_PROTOTYPES = YES;
				CLANG_WARN_SUSPICIOUS_MOVE = YES;
				CLANG_WARN_UNGUARDED_AVAILABILITY = YES_AGGRESSIVE;
				CLANG_WARN_UNREACHABLE_CODE = YES;
				CLANG_WARN__DUPLICATE_METHOD_MATCH = YES;
				COPY_PHASE_STRIP = NO;
				DEBUG_INFORMATION_FORMAT = dwarf;
				ENABLE_STRICT_OBJC_MSGSEND = YES;
				ENABLE_TESTABILITY = YES;
				ENABLE_USER_SCRIPT_SANDBOXING = YES;
				GCC_C_LANGUAGE_STANDARD = gnu17;
				GCC_DYNAMIC_NO_PIC = NO;
				GCC_NO_COMMON_BLOCKS = YES;
				GCC_OPTIMIZATION_LEVEL = 0;
				GCC_PREPROCESSOR_DEFINITIONS = (
					"DEBUG=1",
					"$(inherited)",
				);
				GCC_WARN_64_TO_32_BIT_CONVERSION = YES;
				GCC_WARN_ABOUT_RETURN_TYPE = YES_ERROR;
				GCC_WARN_UNDECLARED_SELECTOR = YES;
				GCC_WARN_UNINITIALIZED_AUTOS = YES_AGGRESSIVE;
				GCC_WARN_UNUSED_FUNCTION = YES;
				GCC_WARN_UNUSED_VARIABLE = YES;
				IPHONEOS_DEPLOYMENT_TARGET = 18.0;
				LOCALIZATION_PREFERS_STRING_CATALOGS = YES;
				MTL_ENABLE_DEBUG_INFO = INCLUDE_SOURCE;
				MTL_FAST_MATH = YES;
				ONLY_ACTIVE_ARCH = YES;
				SDKROOT = iphoneos;
				SWIFT_ACTIVE_COMPILATION_CONDITIONS = "DEBUG $(inherited)";
				SWIFT_OPTIMIZATION_LEVEL = "-Onone";
			};
			name = Debug;
		};
		393BDCED2E04507F00A375D3 /* Release */ = {
			isa = XCBuildConfiguration;
			buildSettings = {
				ALWAYS_SEARCH_USER_PATHS = NO;
				ASSETCATALOG_COMPILER_GENERATE_SWIFT_ASSET_SYMBOL_EXTENSIONS = YES;
				CLANG_ANALYZER_NONNULL = YES;
				CLANG_ANALYZER_NUMBER_OBJECT_CONVERSION = YES_AGGRESSIVE;
				CLANG_CXX_LANGUAGE_STANDARD = "gnu++20";
				CLANG_ENABLE_MODULES = YES;
				CLANG_ENABLE_OBJC_ARC = YES;
				CLANG_ENABLE_OBJC_WEAK = YES;
				CLANG_WARN_BLOCK_CAPTURE_AUTORELEASING = YES;
				CLANG_WARN_BOOL_CONVERSION = YES;
				CLANG_WARN_COMMA = YES;
				CLANG_WARN_CONSTANT_CONVERSION = YES;
				CLANG_WARN_DEPRECATED_OBJC_IMPLEMENTATIONS = YES;
				CLANG_WARN_DIRECT_OBJC_ISA_USAGE = YES_ERROR;
				CLANG_WARN_DOCUMENTATION_COMMENTS = YES;
				CLANG_WARN_EMPTY_BODY = YES;
				CLANG_WARN_ENUM_CONVERSION = YES;
				CLANG_WARN_INFINITE_RECURSION = YES;
				CLANG_WARN_INT_CONVERSION = YES;
				CLANG_WARN_NON_LITERAL_NULL_CONVERSION = YES;
				CLANG_WARN_OBJC_IMPLICIT_RETAIN_SELF = YES;
				CLANG_WARN_OBJC_LITERAL_CONVERSION = YES;
				CLANG_WARN_OBJC_ROOT_CLASS = YES_ERROR;
				CLANG_WARN_QUOTED_INCLUDE_IN_FRAMEWORK_HEADER = YES;
				CLANG_WARN_RANGE_LOOP_ANALYSIS = YES;
				CLANG_WARN_STRICT_PROTOTYPES = YES;
				CLANG_WARN_SUSPICIOUS_MOVE = YES;
				CLANG_WARN_UNGUARDED_AVAILABILITY = YES_AGGRESSIVE;
				CLANG_WARN_UNREACHABLE_CODE = YES;
				CLANG_WARN__DUPLICATE_METHOD_MATCH = YES;
				COPY_PHASE_STRIP = NO;
				DEBUG_INFORMATION_FORMAT = "dwarf-with-dsym";
				ENABLE_NS_ASSERTIONS = NO;
				ENABLE_STRICT_OBJC_MSGSEND = YES;
				ENABLE_USER_SCRIPT_SANDBOXING = YES;
				GCC_C_LANGUAGE_STANDARD = gnu17;
				GCC_NO_COMMON_BLOCKS = YES;
				GCC_WARN_64_TO_32_BIT_CONVERSION = YES;
				GCC_WARN_ABOUT_RETURN_TYPE = YES_ERROR;
				GCC_WARN_UNDECLARED_SELECTOR = YES;
				GCC_WARN_UNINITIALIZED_AUTOS = YES_AGGRESSIVE;
				GCC_WARN_UNUSED_FUNCTION = YES;
				GCC_WARN_UNUSED_VARIABLE = YES;
				IPHONEOS_DEPLOYMENT_TARGET = 18.0;
				LOCALIZATION_PREFERS_STRING_CATALOGS = YES;
				MTL_ENABLE_DEBUG_INFO = NO;
				MTL_FAST_MATH = YES;
				SDKROOT = iphoneos;
				SWIFT_COMPILATION_MODE = wholemodule;
				VALIDATE_PRODUCT = YES;
			};
			name = Release;
		};
		393BDCEF2E04507F00A375D3 /* Debug */ = {
			isa = XCBuildConfiguration;
			buildSettings = {
				ASSETCATALOG_COMPILER_APPICON_NAME = AppIcon;
				ASSETCATALOG_COMPILER_GLOBAL_ACCENT_COLOR_NAME = AccentColor;
				CODE_SIGN_STYLE = Automatic;
				CURRENT_PROJECT_VERSION = 1;
				DEVELOPMENT_TEAM = 3TVZ6QJSU6;
				ENABLE_PREVIEWS = YES;
				GENERATE_INFOPLIST_FILE = YES;
				INFOPLIST_FILE = DemoApp/Info.plist;
				INFOPLIST_KEY_NSPhotoLibraryUsageDescription = "We need access so you can select the photos you want to compare.";
				INFOPLIST_KEY_UIApplicationSceneManifest_Generation = YES;
				INFOPLIST_KEY_UIApplicationSupportsIndirectInputEvents = YES;
				INFOPLIST_KEY_UISupportedInterfaceOrientations_iPad = "UIInterfaceOrientationPortrait UIInterfaceOrientationPortraitUpsideDown UIInterfaceOrientationLandscapeLeft UIInterfaceOrientationLandscapeRight";
				INFOPLIST_KEY_UISupportedInterfaceOrientations_iPhone = "UIInterfaceOrientationPortrait UIInterfaceOrientationLandscapeLeft UIInterfaceOrientationLandscapeRight";
				LD_RUNPATH_SEARCH_PATHS = (
					"$(inherited)",
					"@executable_path/Frameworks",
				);
				MARKETING_VERSION = 1.0;
				PRODUCT_BUNDLE_IDENTIFIER = "Onix-Systems.DemoApp";
				PRODUCT_NAME = "$(TARGET_NAME)";
				SWIFT_EMIT_LOC_STRINGS = YES;
				SWIFT_VERSION = 5.0;
				TARGETED_DEVICE_FAMILY = "1,2";
			};
			name = Debug;
		};
		393BDCF02E04507F00A375D3 /* Release */ = {
			isa = XCBuildConfiguration;
			buildSettings = {
				ASSETCATALOG_COMPILER_APPICON_NAME = AppIcon;
				ASSETCATALOG_COMPILER_GLOBAL_ACCENT_COLOR_NAME = AccentColor;
				CODE_SIGN_STYLE = Automatic;
				CURRENT_PROJECT_VERSION = 1;
				DEVELOPMENT_TEAM = 3TVZ6QJSU6;
				ENABLE_PREVIEWS = YES;
				GENERATE_INFOPLIST_FILE = YES;
				INFOPLIST_FILE = DemoApp/Info.plist;
				INFOPLIST_KEY_NSPhotoLibraryUsageDescription = "We need access so you can select the photos you want to compare.";
				INFOPLIST_KEY_UIApplicationSceneManifest_Generation = YES;
				INFOPLIST_KEY_UIApplicationSupportsIndirectInputEvents = YES;
				INFOPLIST_KEY_UISupportedInterfaceOrientations_iPad = "UIInterfaceOrientationPortrait UIInterfaceOrientationPortraitUpsideDown UIInterfaceOrientationLandscapeLeft UIInterfaceOrientationLandscapeRight";
				INFOPLIST_KEY_UISupportedInterfaceOrientations_iPhone = "UIInterfaceOrientationPortrait UIInterfaceOrientationLandscapeLeft UIInterfaceOrientationLandscapeRight";
				LD_RUNPATH_SEARCH_PATHS = (
					"$(inherited)",
					"@executable_path/Frameworks",
				);
				MARKETING_VERSION = 1.0;
				PRODUCT_BUNDLE_IDENTIFIER = "Onix-Systems.DemoApp";
				PRODUCT_NAME = "$(TARGET_NAME)";
				SWIFT_EMIT_LOC_STRINGS = YES;
				SWIFT_VERSION = 5.0;
				TARGETED_DEVICE_FAMILY = "1,2";
			};
			name = Release;
		};
/* End XCBuildConfiguration section */

/* Begin XCConfigurationList section */
		393BDCDB2E04507E00A375D3 /* Build configuration list for PBXProject "DemoApp" */ = {
			isa = XCConfigurationList;
			buildConfigurations = (
				393BDCEC2E04507F00A375D3 /* Debug */,
				393BDCED2E04507F00A375D3 /* Release */,
			);
			defaultConfigurationIsVisible = 0;
			defaultConfigurationName = Release;
		};
		393BDCEE2E04507F00A375D3 /* Build configuration list for PBXNativeTarget "DemoApp" */ = {
			isa = XCConfigurationList;
			buildConfigurations = (
				393BDCEF2E04507F00A375D3 /* Debug */,
				393BDCF02E04507F00A375D3 /* Release */,
			);
			defaultConfigurationIsVisible = 0;
			defaultConfigurationName = Release;
		};
/* End XCConfigurationList section */

/* Begin XCLocalSwiftPackageReference section */
		393BDCF62E04512700A375D3 /* XCLocalSwiftPackageReference "../Package" */ = {
			isa = XCLocalSwiftPackageReference;
			relativePath = ../Package;
		};
/* End XCLocalSwiftPackageReference section */

/* Begin XCSwiftPackageProductDependency section */
		393BDCF72E04512700A375D3 /* PerchEyeiOS */ = {
			isa = XCSwiftPackageProductDependency;
			productName = PerchEyeiOS;
		};
/* End XCSwiftPackageProductDependency section */
	};
	rootObject = 393BDCD82E04507E00A375D3 /* Project object */;
}
